
Microsoft Visual Studio Solution File, Format Version 12.00
Project("{FAE04EC0-301F-11D3-BF4B-00C04F79EFBC}") = "QcardToMidi", "QcardToMidi\QcardToMidi.csproj", "{F9C2AF56-0414-464F-B0FC-BBE37F7AD6CF}"
EndProject
Global
	GlobalSection(SolutionConfigurationPlatforms) = preSolution
		Debug|Any CPU = Debug|Any CPU
		Release|Any CPU = Release|Any CPU
	EndGlobalSection
	GlobalSection(ProjectConfigurationPlatforms) = postSolution
		{F9C2AF56-0414-464F-B0FC-BBE37F7AD6CF}.Debug|Any CPU.ActiveCfg = Debug|Any CPU
		{F9C2AF56-0414-464F-B0FC-BBE37F7AD6CF}.Debug|Any CPU.Build.0 = Debug|Any CPU
		{F9C2AF56-0414-464F-B0FC-BBE37F7AD6CF}.Release|Any CPU.ActiveCfg = Release|Any CPU
		{F9C2AF56-0414-464F-B0FC-BBE37F7AD6CF}.Release|Any CPU.Build.0 = Release|Any CPU
	EndGlobalSection
EndGlobal
